
Microsoft Visual Studio Solution File, Format Version 12.00
# Visual Studio 15
VisualStudioVersion = 15.0.25618.0
MinimumVisualStudioVersion = 10.0.40219.1
Project("{FAE04EC0-301F-11D3-BF4B-00C04F79EFBC}") = "TwitterDemo", "TwitterDemo\TwitterDemo.csproj", "{C21B495B-1C22-4140-AC33-9C5E581D76EA}"
EndProject
Project("{FAE04EC0-301F-11D3-BF4B-00C04F79EFBC}") = "ConsoleTwitter", "ConsoleTwitter\ConsoleTwitter.csproj", "{4A62E371-7ED9-4D61-A32F-2784F31EA58F}"
EndProject
Global
	GlobalSection(SolutionConfigurationPlatforms) = preSolution
		Debug|Any CPU = Debug|Any CPU
		Release|Any CPU = Release|Any CPU
	EndGlobalSection
	GlobalSection(ProjectConfigurationPlatforms) = postSolution
		{C21B495B-1C22-4140-AC33-9C5E581D76EA}.Debug|Any CPU.ActiveCfg = Debug|Any CPU
		{C21B495B-1C22-4140-AC33-9C5E581D76EA}.Debug|Any CPU.Build.0 = Debug|Any CPU
		{C21B495B-1C22-4140-AC33-9C5E581D76EA}.Release|Any CPU.ActiveCfg = Release|Any CPU
		{C21B495B-1C22-4140-AC33-9C5E581D76EA}.Release|Any CPU.Build.0 = Release|Any CPU
		{4A62E371-7ED9-4D61-A32F-2784F31EA58F}.Debug|Any CPU.ActiveCfg = Debug|Any CPU
		{4A62E371-7ED9-4D61-A32F-2784F31EA58F}.Debug|Any CPU.Build.0 = Debug|Any CPU
		{4A62E371-7ED9-4D61-A32F-2784F31EA58F}.Release|Any CPU.ActiveCfg = Release|Any CPU
		{4A62E371-7ED9-4D61-A32F-2784F31EA58F}.Release|Any CPU.Build.0 = Release|Any CPU
	EndGlobalSection
	GlobalSection(SolutionProperties) = preSolution
		HideSolutionNode = FALSE
	EndGlobalSection
EndGlobal
